
Microsoft Visual Studio Solution File, Format Version 12.00
# Visual Studio Version 17
VisualStudioVersion = 17.9.34728.123
MinimumVisualStudioVersion = 10.0.40219.1
Project("{9A19103F-16F7-4668-BE54-9A1E7A4F7556}") = "inter", "inter\inter.csproj", "{370D8B30-2DA6-4004-96C3-69084446D9A1}"
EndProject
Project("{9A19103F-16F7-4668-BE54-9A1E7A4F7556}") = "DzLink", "DzLink\DzLink.csproj", "{6CE4E6EC-6CB5-46F0-9EB8-1B28A8E1CE17}"
EndProject
Project("{9A19103F-16F7-4668-BE54-9A1E7A4F7556}") = "VegetablesBD", "VegetablesBD\VegetablesBD.csproj", "{DEE1DE8C-E22B-4A61-BE0E-02A62B4FDF18}"
EndProject
Project("{9A19103F-16F7-4668-BE54-9A1E7A4F7556}") = "Students", "Students\Students.csproj", "{D49DEBD1-B2B3-475A-8C20-4531BB6044E8}"
EndProject
Project("{9A19103F-16F7-4668-BE54-9A1E7A4F7556}") = "Persons", "Persons\Persons.csproj", "{6DF68E15-5729-47EE-85A0-4BA777D87B01}"
EndProject
Project("{9A19103F-16F7-4668-BE54-9A1E7A4F7556}") = "Persons.Tests", "Persons.Tests\Persons.Tests.csproj", "{5A4FD95C-DF95-4A78-B02E-5107F2DF2BCF}"
EndProject
Project("{FAE04EC0-301F-11D3-BF4B-00C04F79EFBC}") = "Sort", "Sort\Sort.csproj", "{50425E82-AB08-4199-9005-E433021676DE}"
EndProject
Project("{FAE04EC0-301F-11D3-BF4B-00C04F79EFBC}") = "Sort.Tests", "Sort.Tests\Sort.Tests.csproj", "{98E3EB07-7D02-4E48-AF39-73023D49F5BF}"
EndProject
Global
	GlobalSection(SolutionConfigurationPlatforms) = preSolution
		Debug|Any CPU = Debug|Any CPU
		Release|Any CPU = Release|Any CPU
	EndGlobalSection
	GlobalSection(ProjectConfigurationPlatforms) = postSolution
		{370D8B30-2DA6-4004-96C3-69084446D9A1}.Debug|Any CPU.ActiveCfg = Debug|Any CPU
		{370D8B30-2DA6-4004-96C3-69084446D9A1}.Debug|Any CPU.Build.0 = Debug|Any CPU
		{370D8B30-2DA6-4004-96C3-69084446D9A1}.Release|Any CPU.ActiveCfg = Release|Any CPU
		{370D8B30-2DA6-4004-96C3-69084446D9A1}.Release|Any CPU.Build.0 = Release|Any CPU
		{6CE4E6EC-6CB5-46F0-9EB8-1B28A8E1CE17}.Debug|Any CPU.ActiveCfg = Debug|Any CPU
		{6CE4E6EC-6CB5-46F0-9EB8-1B28A8E1CE17}.Debug|Any CPU.Build.0 = Debug|Any CPU
		{6CE4E6EC-6CB5-46F0-9EB8-1B28A8E1CE17}.Release|Any CPU.ActiveCfg = Release|Any CPU
		{6CE4E6EC-6CB5-46F0-9EB8-1B28A8E1CE17}.Release|Any CPU.Build.0 = Release|Any CPU
		{DEE1DE8C-E22B-4A61-BE0E-02A62B4FDF18}.Debug|Any CPU.ActiveCfg = Debug|Any CPU
		{DEE1DE8C-E22B-4A61-BE0E-02A62B4FDF18}.Debug|Any CPU.Build.0 = Debug|Any CPU
		{DEE1DE8C-E22B-4A61-BE0E-02A62B4FDF18}.Release|Any CPU.ActiveCfg = Release|Any CPU
		{DEE1DE8C-E22B-4A61-BE0E-02A62B4FDF18}.Release|Any CPU.Build.0 = Release|Any CPU
		{D49DEBD1-B2B3-475A-8C20-4531BB6044E8}.Debug|Any CPU.ActiveCfg = Debug|Any CPU
		{D49DEBD1-B2B3-475A-8C20-4531BB6044E8}.Debug|Any CPU.Build.0 = Debug|Any CPU
		{D49DEBD1-B2B3-475A-8C20-4531BB6044E8}.Release|Any CPU.ActiveCfg = Release|Any CPU
		{D49DEBD1-B2B3-475A-8C20-4531BB6044E8}.Release|Any CPU.Build.0 = Release|Any CPU
		{6DF68E15-5729-47EE-85A0-4BA777D87B01}.Debug|Any CPU.ActiveCfg = Debug|Any CPU
		{6DF68E15-5729-47EE-85A0-4BA777D87B01}.Debug|Any CPU.Build.0 = Debug|Any CPU
		{6DF68E15-5729-47EE-85A0-4BA777D87B01}.Release|Any CPU.ActiveCfg = Release|Any CPU
		{6DF68E15-5729-47EE-85A0-4BA777D87B01}.Release|Any CPU.Build.0 = Release|Any CPU
		{5A4FD95C-DF95-4A78-B02E-5107F2DF2BCF}.Debug|Any CPU.ActiveCfg = Debug|Any CPU
		{5A4FD95C-DF95-4A78-B02E-5107F2DF2BCF}.Debug|Any CPU.Build.0 = Debug|Any CPU
		{5A4FD95C-DF95-4A78-B02E-5107F2DF2BCF}.Release|Any CPU.ActiveCfg = Release|Any CPU
		{5A4FD95C-DF95-4A78-B02E-5107F2DF2BCF}.Release|Any CPU.Build.0 = Release|Any CPU
		{50425E82-AB08-4199-9005-E433021676DE}.Debug|Any CPU.ActiveCfg = Debug|Any CPU
		{50425E82-AB08-4199-9005-E433021676DE}.Debug|Any CPU.Build.0 = Debug|Any CPU
		{50425E82-AB08-4199-9005-E433021676DE}.Release|Any CPU.ActiveCfg = Release|Any CPU
		{50425E82-AB08-4199-9005-E433021676DE}.Release|Any CPU.Build.0 = Release|Any CPU
		{98E3EB07-7D02-4E48-AF39-73023D49F5BF}.Debug|Any CPU.ActiveCfg = Debug|Any CPU
		{98E3EB07-7D02-4E48-AF39-73023D49F5BF}.Debug|Any CPU.Build.0 = Debug|Any CPU
		{98E3EB07-7D02-4E48-AF39-73023D49F5BF}.Release|Any CPU.ActiveCfg = Release|Any CPU
		{98E3EB07-7D02-4E48-AF39-73023D49F5BF}.Release|Any CPU.Build.0 = Release|Any CPU
	EndGlobalSection
	GlobalSection(SolutionProperties) = preSolution
		HideSolutionNode = FALSE
	EndGlobalSection
	GlobalSection(ExtensibilityGlobals) = postSolution
		SolutionGuid = {A762A34C-FFD7-449F-9965-738CF48587B7}
	EndGlobalSection
EndGlobal
